{
    "_meta": {
        "hash": {
            "sha256": "a6a6f93a8edce3456921784dcdbb129b9219b3b6ef0a4e6b55f070dade877968"
        },
        "pipfile-spec": 6,
        "requires": {
            "python_version": "3.10"
        },
        "sources": [
            {
                "name": "pypi",
                "url": "https://pypi.org/simple",
                "verify_ssl": true
            }
        ]
    },
    "default": {
        "click": {
            "hashes": [
                "sha256:ae74fb96c20a0277a1d615f1e4d73c8414f5a98db8b799a7931d1582f3390c28",
                "sha256:ca9853ad459e787e2192211578cc907e7594e294c7ccc834310722b41b9ca6de"
            ],
            "markers": "python_version >= '3.7'",
            "version": "==8.1.7"
        },
        "console": {
            "hashes": [
                "sha256:5a96b54e93e15c04d7df2ee7e8521a674002483f6375162212b517892b834389",
                "sha256:bdcab2b99c21176bcdbbfbcfd117f34d4211cc55a0c2376e236b4f82ba3533af"
            ],
            "index": "pypi",
            "version": "==0.9907"
        },
        "datetime": {
            "hashes": [
                "sha256:568ea851d40773d846c0b5efe260aecb717c2b933c052a3c13b712809c16b57d",
                "sha256:88caf4d2441fe479038f4740a1071953686f7c1ed6c9e8c7df9ebe84e592f0c6"
            ],
            "index": "pypi",
            "markers": "python_version >= '3.7'",
            "version": "==5.4"
        },
        "ezenv": {
            "hashes": [
                "sha256:a5a5d001a2352517b5992322c1795890dd3c9cf0ac6ad7912b0768fe84f33173",
                "sha256:fe4b20071c7497071d33530040f52f12a00dc938e5b5f7d5c4b7f922196c4ac6"
            ],
            "version": "==0.92"
        },
        "numpy": {
            "hashes": [
                "sha256:06fa1ed84aa60ea6ef9f91ba57b5ed963c3729534e6e54055fc151fad0423f0a",
                "sha256:174a8880739c16c925799c018f3f55b8130c1f7c8e75ab0a6fa9d41cab092fd6",
                "sha256:1a13860fdcd95de7cf58bd6f8bc5a5ef81c0b0625eb2c9a783948847abbef2c2",
                "sha256:1cc3d5029a30fb5f06704ad6b23b35e11309491c999838c31f124fee32107c79",
                "sha256:22f8fc02fdbc829e7a8c578dd8d2e15a9074b630d4da29cda483337e300e3ee9",
                "sha256:26c9d33f8e8b846d5a65dd068c14e04018d05533b348d9eaeef6c1bd787f9919",
                "sha256:2b3fca8a5b00184828d12b073af4d0fc5fdd94b1632c2477526f6bd7842d700d",
                "sha256:2beef57fb031dcc0dc8fa4fe297a742027b954949cabb52a2a376c144e5e6060",
                "sha256:36340109af8da8805d8851ef1d74761b3b88e81a9bd80b290bbfed61bd2b4f75",
                "sha256:3703fc9258a4a122d17043e57b35e5ef1c5a5837c3db8be396c82e04c1cf9b0f",
                "sha256:3ced40d4e9e18242f70dd02d739e44698df3dcb010d31f495ff00a31ef6014fe",
                "sha256:4a06263321dfd3598cacb252f51e521a8cb4b6df471bb12a7ee5cbab20ea9167",
                "sha256:4eb8df4bf8d3d90d091e0146f6c28492b0be84da3e409ebef54349f71ed271ef",
                "sha256:5d5244aabd6ed7f312268b9247be47343a654ebea52a60f002dc70c769048e75",
                "sha256:64308ebc366a8ed63fd0bf426b6a9468060962f1a4339ab1074c228fa6ade8e3",
                "sha256:6a3cdb4d9c70e6b8c0814239ead47da00934666f668426fc6e94cce869e13fd7",
                "sha256:854ab91a2906ef29dc3925a064fcd365c7b4da743f84b123002f6139bcb3f8a7",
                "sha256:94cc3c222bb9fb5a12e334d0479b97bb2df446fbe622b470928f5284ffca3f8d",
                "sha256:96ca5482c3dbdd051bcd1fce8034603d6ebfc125a7bd59f55b40d8f5d246832b",
                "sha256:a2bbc29fcb1771cd7b7425f98b05307776a6baf43035d3b80c4b0f29e9545186",
                "sha256:a4cd6ed4a339c21f1d1b0fdf13426cb3b284555c27ac2f156dfdaaa7e16bfab0",
                "sha256:aa18428111fb9a591d7a9cc1b48150097ba6a7e8299fb56bdf574df650e7d1f1",
                "sha256:aa317b2325f7aa0a9471663e6093c210cb2ae9c0ad824732b307d2c51983d5b6",
                "sha256:b04f5dc6b3efdaab541f7857351aac359e6ae3c126e2edb376929bd3b7f92d7e",
                "sha256:b272d4cecc32c9e19911891446b72e986157e6a1809b7b56518b4f3755267523",
                "sha256:b361d369fc7e5e1714cf827b731ca32bff8d411212fccd29ad98ad622449cc36",
                "sha256:b96e7b9c624ef3ae2ae0e04fa9b460f6b9f17ad8b4bec6d7756510f1f6c0c841",
                "sha256:baf8aab04a2c0e859da118f0b38617e5ee65d75b83795055fb66c0d5e9e9b818",
                "sha256:bcc008217145b3d77abd3e4d5ef586e3bdfba8fe17940769f8aa09b99e856c00",
                "sha256:bd3f0091e845164a20bd5a326860c840fe2af79fa12e0469a12768a3ec578d80",
                "sha256:cc392fdcbd21d4be6ae1bb4475a03ce3b025cd49a9be5345d76d7585aea69440",
                "sha256:d73a3abcac238250091b11caef9ad12413dab01669511779bc9b29261dd50210",
                "sha256:f43740ab089277d403aa07567be138fc2a89d4d9892d113b76153e0e412409f8",
                "sha256:f65738447676ab5777f11e6bbbdb8ce11b785e105f690bc45966574816b6d3ea",
                "sha256:f79b231bf5c16b1f39c7f4875e1ded36abee1591e98742b05d8a0fb55d8a3eec",
                "sha256:fe6b44fb8fcdf7eda4ef4461b97b3f63c466b27ab151bec2366db8b197387841"
            ],
            "index": "pypi",
            "markers": "python_version >= '3.9'",
            "version": "==1.26.2"
        },
        "package-name": {
            "hashes": [
                "sha256:6791bd670efd086c99706c6dd82ba2d4dcee397a575c51f257398c8028f616be"
            ],
            "index": "pypi",
            "version": "==0.1"
        },
        "prettytable": {
            "hashes": [
                "sha256:a71292ab7769a5de274b146b276ce938786f56c31cf7cea88b6f3775d82fe8c8",
                "sha256:f4ed94803c23073a90620b201965e5dc0bccf1760b7a7eaf3158cab8aaffdf34"
            ],
            "index": "pypi",
            "markers": "python_version >= '3.8'",
            "version": "==3.9.0"
        },
        "pytz": {
            "hashes": [
                "sha256:7b4fddbeb94a1eba4b557da24f19fdf9db575192544270a9101d8509f9f43d7b",
                "sha256:ce42d816b81b68506614c11e8937d3aa9e41007ceb50bfdcb0749b921bf646c7"
            ],
            "version": "==2023.3.post1"
        },
        "setuptools": {
            "hashes": [
                "sha256:1e8fdff6797d3865f37397be788a4e3cba233608e9b509382a2777d25ebde7f2",
                "sha256:735896e78a4742605974de002ac60562d286fa8051a7e2299445e8e8fbb01aa6"
            ],
            "markers": "python_version >= '3.8'",
            "version": "==69.0.2"
        },
        "table": {
            "hashes": [
                "sha256:a1e965e26ee9b43eea25051571dd44152d670317ae1d0ff02c4456e12aea4cbc"
            ],
            "index": "pypi",
            "version": "==0.0.4"
        },
        "typer": {
            "hashes": [
                "sha256:50922fd79aea2f4751a8e0408ff10d2662bd0c8bbfa84755a699f3bada2978b2",
                "sha256:5d96d986a21493606a358cae4461bd8cdf83cbf33a5aa950ae629ca3b51467ee"
            ],
            "index": "pypi",
            "markers": "python_version >= '3.6'",
            "version": "==0.9.0"
        },
        "typing-extensions": {
            "hashes": [
                "sha256:23478f88c37f27d76ac8aee6c905017a143b0b1b886c3c9f66bc2fd94f9f5783",
                "sha256:af72aea155e91adfc61c3ae9e0e342dbc0cba726d6cba4b6c72c1f34e47291cd"
            ],
            "markers": "python_version >= '3.8'",
            "version": "==4.9.0"
        },
        "wcwidth": {
            "hashes": [
                "sha256:f01c104efdf57971bcb756f054dd58ddec5204dd15fa31d6503ea57947d97c02",
                "sha256:f26ec43d96c8cbfed76a5075dac87680124fa84e0855195a6184da9c187f133c"
            ],
            "version": "==0.2.12"
        },
        "zope.interface": {
            "hashes": [
                "sha256:0c8cf55261e15590065039696607f6c9c1aeda700ceee40c70478552d323b3ff",
                "sha256:13b7d0f2a67eb83c385880489dbb80145e9d344427b4262c49fbf2581677c11c",
                "sha256:1f294a15f7723fc0d3b40701ca9b446133ec713eafc1cc6afa7b3d98666ee1ac",
                "sha256:239a4a08525c080ff833560171d23b249f7f4d17fcbf9316ef4159f44997616f",
                "sha256:2f8d89721834524a813f37fa174bac074ec3d179858e4ad1b7efd4401f8ac45d",
                "sha256:2fdc7ccbd6eb6b7df5353012fbed6c3c5d04ceaca0038f75e601060e95345309",
                "sha256:34c15ca9248f2e095ef2e93af2d633358c5f048c49fbfddf5fdfc47d5e263736",
                "sha256:387545206c56b0315fbadb0431d5129c797f92dc59e276b3ce82db07ac1c6179",
                "sha256:43b576c34ef0c1f5a4981163b551a8781896f2a37f71b8655fd20b5af0386abb",
                "sha256:57d0a8ce40ce440f96a2c77824ee94bf0d0925e6089df7366c2272ccefcb7941",
                "sha256:5a804abc126b33824a44a7aa94f06cd211a18bbf31898ba04bd0924fbe9d282d",
                "sha256:67be3ca75012c6e9b109860820a8b6c9a84bfb036fbd1076246b98e56951ca92",
                "sha256:6af47f10cfc54c2ba2d825220f180cc1e2d4914d783d6fc0cd93d43d7bc1c78b",
                "sha256:6dc998f6de015723196a904045e5a2217f3590b62ea31990672e31fbc5370b41",
                "sha256:70d2cef1bf529bff41559be2de9d44d47b002f65e17f43c73ddefc92f32bf00f",
                "sha256:7ebc4d34e7620c4f0da7bf162c81978fce0ea820e4fa1e8fc40ee763839805f3",
                "sha256:964a7af27379ff4357dad1256d9f215047e70e93009e532d36dcb8909036033d",
                "sha256:97806e9ca3651588c1baaebb8d0c5ee3db95430b612db354c199b57378312ee8",
                "sha256:9b9bc671626281f6045ad61d93a60f52fd5e8209b1610972cf0ef1bbe6d808e3",
                "sha256:9ffdaa5290422ac0f1688cb8adb1b94ca56cee3ad11f29f2ae301df8aecba7d1",
                "sha256:a0da79117952a9a41253696ed3e8b560a425197d4e41634a23b1507efe3273f1",
                "sha256:a41f87bb93b8048fe866fa9e3d0c51e27fe55149035dcf5f43da4b56732c0a40",
                "sha256:aa6fd016e9644406d0a61313e50348c706e911dca29736a3266fc9e28ec4ca6d",
                "sha256:ad54ed57bdfa3254d23ae04a4b1ce405954969c1b0550cc2d1d2990e8b439de1",
                "sha256:b012d023b4fb59183909b45d7f97fb493ef7a46d2838a5e716e3155081894605",
                "sha256:b51b64432eed4c0744241e9ce5c70dcfecac866dff720e746d0a9c82f371dfa7",
                "sha256:bbe81def9cf3e46f16ce01d9bfd8bea595e06505e51b7baf45115c77352675fd",
                "sha256:c9559138690e1bd4ea6cd0954d22d1e9251e8025ce9ede5d0af0ceae4a401e43",
                "sha256:e30506bcb03de8983f78884807e4fd95d8db6e65b69257eea05d13d519b83ac0",
                "sha256:e33e86fd65f369f10608b08729c8f1c92ec7e0e485964670b4d2633a4812d36b",
                "sha256:e441e8b7d587af0414d25e8d05e27040d78581388eed4c54c30c0c91aad3a379",
                "sha256:e8bb9c990ca9027b4214fa543fd4025818dc95f8b7abce79d61dc8a2112b561a",
                "sha256:ef43ee91c193f827e49599e824385ec7c7f3cd152d74cb1dfe02cb135f264d83",
                "sha256:ef467d86d3cfde8b39ea1b35090208b0447caaabd38405420830f7fd85fbdd56",
                "sha256:f89b28772fc2562ed9ad871c865f5320ef761a7fcc188a935e21fe8b31a38ca9",
                "sha256:fddbab55a2473f1d3b8833ec6b7ac31e8211b0aa608df5ab09ce07f3727326de"
            ],
            "markers": "python_version >= '3.7'",
            "version": "==6.1"
        }
    },
    "develop": {
        "greenlet": {
            "hashes": [
                "sha256:006c1028ac0cfcc4e772980cfe73f5476041c8c91d15d64f52482fc571149d46",
                "sha256:0acadbc3f72cb0ee85070e8d36bd2a4673d2abd10731ee73c10222cf2dd4713c",
                "sha256:0c0fdb8142742ee68e97c106eb81e7d3e883cc739d9c5f2b28bc38a7bafeb6d1",
                "sha256:0df7eed98ea23b20e9db64d46eb05671ba33147df9405330695bcd81a73bb0c9",
                "sha256:10d247260db20887ae8857c0cbc750b9170f0b067dd7d38fb68a3f2334393bd3",
                "sha256:14b5d999aefe9ffd2049ad19079f733c3aaa426190ffecadb1d5feacef8fe397",
                "sha256:18fe39d70d482b22f0014e84947c5aaa7211fb8e13dc4cc1c43ed2aa1db06d9a",
                "sha256:1c1129bc47266d83444c85a8e990ae22688cf05fb20d7951fd2866007c2ba9bc",
                "sha256:1dac09e3c0b78265d2e6d3cbac2d7c48bd1aa4b04a8ffeda3adde9f1688df2c3",
                "sha256:2c93cd03acb1499ee4de675e1a4ed8eaaa7227f7949dc55b37182047b006a7aa",
                "sha256:2e9c5423046eec21f6651268cb674dfba97280701e04ef23d312776377313206",
                "sha256:2ee59c4627c8c4bb3e15949fbcd499abd6b7f4ad9e0bfcb62c65c5e2cabe0ec4",
                "sha256:339c0272a62fac7e602e4e6ec32a64ff9abadc638b72f17f6713556ed011d493",
                "sha256:38878744926cec29b5cc3654ef47f3003f14bfbba7230e3c8492393fe29cc28b",
                "sha256:3e4bfa752b3688d74ab1186e2159779ff4867644d2b1ebf16db14281f0445377",
                "sha256:520fcb53a39ef90f5021c77606952dbbc1da75d77114d69b8d7bded4a8e1a813",
                "sha256:5f9ea7c2c9795549653b6f7569f6bc75d2c7d1f6b2854eb8ce0bc6ec3cb2dd88",
                "sha256:654b84c9527182036747938b81938f1d03fb8321377510bc1854a9370418ab66",
                "sha256:6d65bec56a7bc352bcf11b275b838df618651109074d455a772d3afe25390b7d",
                "sha256:7363756cc439a503505b67983237d1cc19139b66488263eb19f5719a32597836",
                "sha256:80d068e4b6e2499847d916ef64176811ead6bf210a610859220d537d935ec6fd",
                "sha256:8756a94ed8f293450b0e91119eca2a36332deba69feb2f9ca410d35e74eae1e4",
                "sha256:89a6f6ddcbef4000cda7e205c4c20d319488ff03db961d72d4e73519d2465309",
                "sha256:8f34a765c5170c0673eb747213a0275ecc749ab3652bdbec324621ed5b2edaef",
                "sha256:8f8d14a0a4e8c670fbce633d8b9a1ee175673a695475acd838e372966845f764",
                "sha256:950e21562818f9c771989b5b65f990e76f4ac27af66e1bb34634ae67886ede2a",
                "sha256:9560c580c896030ff9c311c603aaf2282234643c90d1dec738a1d93e3e53cd51",
                "sha256:9acd8fd67c248b8537953cb3af8787c18a87c33d4dcf6830e410ee1f95a63fd4",
                "sha256:a37ae53cca36823597fd5f65341b6f7bac2dd69ecd6ca01334bb795460ab150b",
                "sha256:aecea0442975741e7d69daff9b13c83caff8c13eeb17485afa65f6360a045765",
                "sha256:b1405614692ac986490d10d3e1a05e9734f473750d4bee3cf7d1286ef7af7da6",
                "sha256:b1fd25dfc5879a82103b3d9e43fa952e3026c221996ff4d32a9c72052544835d",
                "sha256:b2cedf279ca38ef3f4ed0d013a6a84a7fc3d9495a716b84a5fc5ff448965f251",
                "sha256:b3f0497db77cfd034f829678b28267eeeeaf2fc21b3f5041600f7617139e6773",
                "sha256:bfcecc984d60b20ffe30173b03bfe9ba6cb671b0be1e95c3e2056d4fe7006590",
                "sha256:c1f647fe5b94b51488b314c82fdda10a8756d650cee8d3cd29f657c6031bdf73",
                "sha256:c235131bf59d2546bb3ebaa8d436126267392f2e51b85ff45ac60f3a26549af0",
                "sha256:c27b142a9080bdd5869a2fa7ebf407b3c0b24bd812db925de90e9afe3c417fd6",
                "sha256:c42bb589e6e9f9d8bdd79f02f044dff020d30c1afa6e84c0b56d1ce8a324553c",
                "sha256:cd5bc4fde0842ff2b9cf33382ad0b4db91c2582db836793d58d174c569637144",
                "sha256:cecfdc950dd25f25d6582952e58521bca749cf3eeb7a9bad69237024308c8196",
                "sha256:d1fceb5351ab1601903e714c3028b37f6ea722be6873f46e349a960156c05650",
                "sha256:d4d0df07a38e41a10dfb62c6fc75ede196572b580f48ee49b9282c65639f3965",
                "sha256:d5547b462b8099b84746461e882a3eb8a6e3f80be46cb6afb8524eeb191d1a30",
                "sha256:d64643317e76b4b41fdba659e7eca29634e5739b8bc394eda3a9127f697ed4b0",
                "sha256:db4233358d3438369051a2f290f1311a360d25c49f255a6c5d10b5bcb3aa2b49",
                "sha256:e0e28f5233d64c693382f66d47c362b72089ebf8ac77df7e12ac705c9fa1163d",
                "sha256:e79fb5a9fb2d0bd3b6573784f5e5adabc0b0566ad3180a028af99523ce8f6138",
                "sha256:e84bef3cfb6b6bfe258c98c519811c240dbc5b33a523a14933a252e486797c90",
                "sha256:ed1a8a08de7f68506a38f9a2ddb26bbd1480689e66d788fcd4b5f77e2d9ecfcc",
                "sha256:ed9bf77b41798e8417657245b9f3649314218a4a17aefb02bb3992862df32495",
                "sha256:edf7a1daba1f7c54326291a8cde58da86ab115b78c91d502be8744f0aa8e3ffa",
                "sha256:f260e6c2337871a52161824058923df2bbddb38bc11a5cbe71f3474d877c5bd9",
                "sha256:f27aa32466993c92d326df982c4acccd9530fe354e938d9e9deada563e71ce76",
                "sha256:f4cf532bf3c58a862196b06947b1b5cc55503884f9b63bf18582a75228d9950e",
                "sha256:fb5d60805057d8948065338be6320d35e26b0a72f45db392eb32b70dd6dc9227",
                "sha256:fc14dd9554f88c9c1fe04771589ae24db76cd56c8f1104e4381b383d6b71aff8",
                "sha256:fefd5eb2c0b1adffdf2802ff7df45bfe65988b15f6b972706a0e55d451bffaea"
            ],
            "markers": "python_version >= '3' and platform_machine == 'aarch64' or (platform_machine == 'ppc64le' or (platform_machine == 'x86_64' or (platform_machine == 'amd64' or (platform_machine == 'AMD64' or (platform_machine == 'win32' or platform_machine == 'WIN32')))))",
            "version": "==3.0.2"
        },
        "importlib-metadata": {
            "hashes": [
                "sha256:7efb448ec9a5e313a57655d35aa54cd3e01b7e1fbcf72dce1bf06119420f5bad",
                "sha256:e354bedeb60efa6affdcc8ae121b73544a7aa74156d047311948f6d711cd378d"
            ],
            "index": "pypi",
            "markers": "python_version >= '3.7'",
            "version": "==6.0.0"
        },
        "importlib-resources": {
            "hashes": [
                "sha256:c01b1b94210d9849f286b86bb51bcea7cd56dde0600d8db721d7b81330711668",
                "sha256:ee17ec648f85480d523596ce49eae8ead87d5631ae1551f913c0100b5edd3437"
            ],
            "index": "pypi",
            "markers": "python_version >= '3.7'",
            "version": "==5.10.0"
        },
        "sqlalchemy": {
            "hashes": [
                "sha256:0002e829142b2af00b4eaa26c51728f3ea68235f232a2e72a9508a3116bd6ed0",
                "sha256:0005bd73026cd239fc1e8ccdf54db58b6193be9a02b3f0c5983808f84862c767",
                "sha256:0292f70d1797e3c54e862e6f30ae474014648bc9c723e14a2fda730adb0a9791",
                "sha256:036d8472356e1d5f096c5e0e1a7e0f9182140ada3602f8fff6b7329e9e7cfbcd",
                "sha256:05f0de3a1dc3810a776275763764bb0015a02ae0f698a794646ebc5fb06fad33",
                "sha256:0990932f7cca97fece8017414f57fdd80db506a045869d7ddf2dda1d7cf69ecc",
                "sha256:13e397a9371ecd25573a7b90bd037db604331cf403f5318038c46ee44908c44d",
                "sha256:14576238a5f89bcf504c5f0a388d0ca78df61fb42cb2af0efe239dc965d4f5c9",
                "sha256:199a73c31ac8ea59937cc0bf3dfc04392e81afe2ec8a74f26f489d268867846c",
                "sha256:2082a2d2fca363a3ce21cfa3d068c5a1ce4bf720cf6497fb3a9fc643a8ee4ddd",
                "sha256:22ff16cedab5b16a0db79f1bc99e46a6ddececb60c396562e50aab58ddb2871c",
                "sha256:2307495d9e0ea00d0c726be97a5b96615035854972cc538f6e7eaed23a35886c",
                "sha256:2ad2b727fc41c7f8757098903f85fafb4bf587ca6605f82d9bf5604bd9c7cded",
                "sha256:2d6495f84c4fd11584f34e62f9feec81bf373787b3942270487074e35cbe5330",
                "sha256:361f6b5e3f659e3c56ea3518cf85fbdae1b9e788ade0219a67eeaaea8a4e4d2a",
                "sha256:3e2ef592ac3693c65210f8b53d0edcf9f4405925adcfc031ff495e8d18169682",
                "sha256:4676d51c9f6f6226ae8f26dc83ec291c088fe7633269757d333978df78d931ab",
                "sha256:4ba7e122510bbc07258dc42be6ed45997efdf38129bde3e3f12649be70683546",
                "sha256:5102fb9ee2c258a2218281adcb3e1918b793c51d6c2b4666ce38c35101bb940e",
                "sha256:5323252be2bd261e0aa3f33cb3a64c45d76829989fa3ce90652838397d84197d",
                "sha256:58bb65b3274b0c8a02cea9f91d6f44d0da79abc993b33bdedbfec98c8440175a",
                "sha256:59bdc291165b6119fc6cdbc287c36f7f2859e6051dd923bdf47b4c55fd2f8bd0",
                "sha256:5facb7fd6fa8a7353bbe88b95695e555338fb038ad19ceb29c82d94f62775a05",
                "sha256:639e1ae8d48b3c86ffe59c0daa9a02e2bfe17ca3d2b41611b30a0073937d4497",
                "sha256:8eb8897367a21b578b26f5713833836f886817ee2ffba1177d446fa3f77e67c8",
                "sha256:90484a2b00baedad361402c257895b13faa3f01780f18f4a104a2f5c413e4536",
                "sha256:9c56e19780cd1344fcd362fd6265a15f48aa8d365996a37fab1495cae8fcd97d",
                "sha256:b67fc780cfe2b306180e56daaa411dd3186bf979d50a6a7c2a5b5036575cbdbb",
                "sha256:c0dcf127bb99458a9d211e6e1f0f3edb96c874dd12f2503d4d8e4f1fd103790b",
                "sha256:c23d64a0b28fc78c96289ffbd0d9d1abd48d267269b27f2d34e430ea73ce4b26",
                "sha256:ccfd238f766a5bb5ee5545a62dd03f316ac67966a6a658efb63eeff8158a4bbf",
                "sha256:cd767cf5d7252b1c88fcfb58426a32d7bd14a7e4942497e15b68ff5d822b41ad",
                "sha256:ce8feaa52c1640de9541eeaaa8b5fb632d9d66249c947bb0d89dd01f87c7c288",
                "sha256:d2e054aed4645f9b755db85bc69fc4ed2c9020c19c8027976f66576b906a74f1",
                "sha256:e16c2be5cb19e2c08da7bd3a87fed2a0d4e90065ee553a940c4fc1a0fb1ab72b",
                "sha256:e4b12e3d88a8fffd0b4ca559f6d4957ed91bd4c0613a4e13846ab8729dc5c251",
                "sha256:e570cfc40a29d6ad46c9aeaddbdcee687880940a3a327f2c668dd0e4ef0a441d",
                "sha256:eb30cf008850c0a26b72bd1b9be6730830165ce049d239cfdccd906f2685f892",
                "sha256:f37fa70d95658763254941ddd30ecb23fc4ec0c5a788a7c21034fc2305dab7cc",
                "sha256:f5ebeeec5c14533221eb30bad716bc1fd32f509196318fb9caa7002c4a364e4c",
                "sha256:f5fa526d027d804b1f85cdda1eb091f70bde6fb7d87892f6dd5a48925bc88898"
            ],
            "index": "pypi",
            "markers": "python_version >= '2.7' and python_version not in '3.0, 3.1, 3.2, 3.3, 3.4, 3.5'",
            "version": "==1.4.41"
        },
        "zipp": {
            "hashes": [
                "sha256:0e923e726174922dce09c53c59ad483ff7bbb8e572e00c7f7c46b88556409f31",
                "sha256:84e64a1c28cf7e91ed2078bb8cc8c259cb19b76942096c8d7b84947690cabaf0"
            ],
            "markers": "python_version >= '3.8'",
            "version": "==3.17.0"
        }
    }
}
